// !$*UTF8*$!
{
	archiveVersion = 1;
	classes = {
	};
	objectVersion = 56;
	objects = {

/* Begin PBXBuildFile section */
		674A1E622BE1FAFA00C281AA /* SwiftUIAuthTutorialApp.swift in Sources */ = {isa = PBXBuildFile; fileRef = 674A1E612BE1FAFA00C281AA /* SwiftUIAuthTutorialApp.swift */; };
		674A1E642BE1FAFA00C281AA /* ContentView.swift in Sources */ = {isa = PBXBuildFile; fileRef = 674A1E632BE1FAFA00C281AA /* ContentView.swift */; };
		674A1E662BE1FAFD00C281AA /* Assets.xcassets in Resources */ = {isa = PBXBuildFile; fileRef = 674A1E652BE1FAFD00C281AA /* Assets.xcassets */; };
		674A1E692BE1FAFD00C281AA /* Preview Assets.xcassets in Resources */ = {isa = PBXBuildFile; fileRef = 674A1E682BE1FAFD00C281AA /* Preview Assets.xcassets */; };
		674A1E772BE1FCAF00C281AA /* LoginView.swift in Sources */ = {isa = PBXBuildFile; fileRef = 674A1E762BE1FCAF00C281AA /* LoginView.swift */; };
		674A1E792BE1FEE700C281AA /* InputView.swift in Sources */ = {isa = PBXBuildFile; fileRef = 674A1E782BE1FEE700C281AA /* InputView.swift */; };
		674A1E7B2BE2056F00C281AA /* RegistrationView.swift in Sources */ = {isa = PBXBuildFile; fileRef = 674A1E7A2BE2056F00C281AA /* RegistrationView.swift */; };
		674A1E7D2BE20C2000C281AA /* ProfileView.swift in Sources */ = {isa = PBXBuildFile; fileRef = 674A1E7C2BE20C2000C281AA /* ProfileView.swift */; };
		674A1E7F2BE20E3500C281AA /* SettingRowView.swift in Sources */ = {isa = PBXBuildFile; fileRef = 674A1E7E2BE20E3500C281AA /* SettingRowView.swift */; };
		674A1E812BE2105D00C281AA /* User.swift in Sources */ = {isa = PBXBuildFile; fileRef = 674A1E802BE2105D00C281AA /* User.swift */; };
		674A1E832BE29F0900C281AA /* GoogleService-Info.plist in Resources */ = {isa = PBXBuildFile; fileRef = 674A1E822BE29F0900C281AA /* GoogleService-Info.plist */; };
		674A1E862BE2A09D00C281AA /* FirebaseAuth in Frameworks */ = {isa = PBXBuildFile; productRef = 674A1E852BE2A09D00C281AA /* FirebaseAuth */; };
		674A1E882BE2A09D00C281AA /* FirebaseFirestore in Frameworks */ = {isa = PBXBuildFile; productRef = 674A1E872BE2A09D00C281AA /* FirebaseFirestore */; };
		674A1E8A2BE2A09D00C281AA /* FirebaseFirestoreSwift in Frameworks */ = {isa = PBXBuildFile; productRef = 674A1E892BE2A09D00C281AA /* FirebaseFirestoreSwift */; };
		674A1E8C2BE2A09D00C281AA /* FirebaseStorage in Frameworks */ = {isa = PBXBuildFile; productRef = 674A1E8B2BE2A09D00C281AA /* FirebaseStorage */; };
		674A1E902BE2A13F00C281AA /* AuthViewModel.swift in Sources */ = {isa = PBXBuildFile; fileRef = 674A1E8F2BE2A13F00C281AA /* AuthViewModel.swift */; };
/* End PBXBuildFile section */

/* Begin PBXFileReference section */
		674A1E5E2BE1FAFA00C281AA /* SwiftUIAuthTutorial.app */ = {isa = PBXFileReference; explicitFileType = wrapper.application; includeInIndex = 0; path = SwiftUIAuthTutorial.app; sourceTree = BUILT_PRODUCTS_DIR; };
		674A1E612BE1FAFA00C281AA /* SwiftUIAuthTutorialApp.swift */ = {isa = PBXFileReference; lastKnownFileType = sourcecode.swift; path = SwiftUIAuthTutorialApp.swift; sourceTree = "<group>"; };
		674A1E632BE1FAFA00C281AA /* ContentView.swift */ = {isa = PBXFileReference; lastKnownFileType = sourcecode.swift; path = ContentView.swift; sourceTree = "<group>"; };
		674A1E652BE1FAFD00C281AA /* Assets.xcassets */ = {isa = PBXFileReference; lastKnownFileType = folder.assetcatalog; path = Assets.xcassets; sourceTree = "<group>"; };
		674A1E682BE1FAFD00C281AA /* Preview Assets.xcassets */ = {isa = PBXFileReference; lastKnownFileType = folder.assetcatalog; path = "Preview Assets.xcassets"; sourceTree = "<group>"; };
		674A1E762BE1FCAF00C281AA /* LoginView.swift */ = {isa = PBXFileReference; lastKnownFileType = sourcecode.swift; path = LoginView.swift; sourceTree = "<group>"; };
		674A1E782BE1FEE700C281AA /* InputView.swift */ = {isa = PBXFileReference; lastKnownFileType = sourcecode.swift; path = InputView.swift; sourceTree = "<group>"; };
		674A1E7A2BE2056F00C281AA /* RegistrationView.swift */ = {isa = PBXFileReference; lastKnownFileType = sourcecode.swift; path = RegistrationView.swift; sourceTree = "<group>"; };
		674A1E7C2BE20C2000C281AA /* ProfileView.swift */ = {isa = PBXFileReference; lastKnownFileType = sourcecode.swift; path = ProfileView.swift; sourceTree = "<group>"; };
		674A1E7E2BE20E3500C281AA /* SettingRowView.swift */ = {isa = PBXFileReference; lastKnownFileType = sourcecode.swift; path = SettingRowView.swift; sourceTree = "<group>"; };
		674A1E802BE2105D00C281AA /* User.swift */ = {isa = PBXFileReference; lastKnownFileType = sourcecode.swift; path = User.swift; sourceTree = "<group>"; };
		674A1E822BE29F0900C281AA /* GoogleService-Info.plist */ = {isa = PBXFileReference; fileEncoding = 4; lastKnownFileType = text.plist.xml; path = "GoogleService-Info.plist"; sourceTree = "<group>"; };
		674A1E8F2BE2A13F00C281AA /* AuthViewModel.swift */ = {isa = PBXFileReference; lastKnownFileType = sourcecode.swift; path = AuthViewModel.swift; sourceTree = "<group>"; };
/* End PBXFileReference section */

/* Begin PBXFrameworksBuildPhase section */
		674A1E5B2BE1FAFA00C281AA /* Frameworks */ = {
			isa = PBXFrameworksBuildPhase;
			buildActionMask = 2147483647;
			files = (
				674A1E862BE2A09D00C281AA /* FirebaseAuth in Frameworks */,
				674A1E8C2BE2A09D00C281AA /* FirebaseStorage in Frameworks */,
				674A1E882BE2A09D00C281AA /* FirebaseFirestore in Frameworks */,
				674A1E8A2BE2A09D00C281AA /* FirebaseFirestoreSwift in Frameworks */,
			);
			runOnlyForDeploymentPostprocessing = 0;
		};
/* End PBXFrameworksBuildPhase section */

/* Begin PBXGroup section */
		674A1E552BE1FAFA00C281AA = {
			isa = PBXGroup;
			children = (
				674A1E602BE1FAFA00C281AA /* SwiftUIAuthTutorial */,
				674A1E5F2BE1FAFA00C281AA /* Products */,
			);
			sourceTree = "<group>";
		};
		674A1E5F2BE1FAFA00C281AA /* Products */ = {
			isa = PBXGroup;
			children = (
				674A1E5E2BE1FAFA00C281AA /* SwiftUIAuthTutorial.app */,
			);
			name = Products;
			sourceTree = "<group>";
		};
		674A1E602BE1FAFA00C281AA /* SwiftUIAuthTutorial */ = {
			isa = PBXGroup;
			children = (
				674A1E6F2BE1FBE400C281AA /* App */,
				674A1E742BE1FC4A00C281AA /* Authentication */,
				674A1E712BE1FBF000C281AA /* Core */,
				674A1E702BE1FBE900C281AA /* Components */,
				674A1E722BE1FBF700C281AA /* Model */,
				674A1E652BE1FAFD00C281AA /* Assets.xcassets */,
				674A1E822BE29F0900C281AA /* GoogleService-Info.plist */,
				674A1E672BE1FAFD00C281AA /* Preview Content */,
			);
			path = SwiftUIAuthTutorial;
			sourceTree = "<group>";
		};
		674A1E672BE1FAFD00C281AA /* Preview Content */ = {
			isa = PBXGroup;
			children = (
				674A1E682BE1FAFD00C281AA /* Preview Assets.xcassets */,
			);
			path = "Preview Content";
			sourceTree = "<group>";
		};
		674A1E6F2BE1FBE400C281AA /* App */ = {
			isa = PBXGroup;
			children = (
				674A1E612BE1FAFA00C281AA /* SwiftUIAuthTutorialApp.swift */,
			);
			path = App;
			sourceTree = "<group>";
		};
		674A1E702BE1FBE900C281AA /* Components */ = {
			isa = PBXGroup;
			children = (
				674A1E782BE1FEE700C281AA /* InputView.swift */,
				674A1E7E2BE20E3500C281AA /* SettingRowView.swift */,
			);
			path = Components;
			sourceTree = "<group>";
		};
		674A1E712BE1FBF000C281AA /* Core */ = {
			isa = PBXGroup;
			children = (
				674A1E752BE1FC5400C281AA /* Profile */,
				674A1E732BE1FC3000C281AA /* Root */,
			);
			path = Core;
			sourceTree = "<group>";
		};
		674A1E722BE1FBF700C281AA /* Model */ = {
			isa = PBXGroup;
			children = (
				674A1E802BE2105D00C281AA /* User.swift */,
			);
			path = Model;
			sourceTree = "<group>";
		};
		674A1E732BE1FC3000C281AA /* Root */ = {
			isa = PBXGroup;
			children = (
				674A1E632BE1FAFA00C281AA /* ContentView.swift */,
			);
			path = Root;
			sourceTree = "<group>";
		};
		674A1E742BE1FC4A00C281AA /* Authentication */ = {
			isa = PBXGroup;
			children = (
				674A1E8D2BE2A0FC00C281AA /* View */,
				674A1E8E2BE2A11500C281AA /* ViewModel */,
			);
			path = Authentication;
			sourceTree = "<group>";
		};
		674A1E752BE1FC5400C281AA /* Profile */ = {
			isa = PBXGroup;
			children = (
				674A1E7C2BE20C2000C281AA /* ProfileView.swift */,
			);
			path = Profile;
			sourceTree = "<group>";
		};
		674A1E8D2BE2A0FC00C281AA /* View */ = {
			isa = PBXGroup;
			children = (
				674A1E762BE1FCAF00C281AA /* LoginView.swift */,
				674A1E7A2BE2056F00C281AA /* RegistrationView.swift */,
			);
			path = View;
			sourceTree = "<group>";
		};
		674A1E8E2BE2A11500C281AA /* ViewModel */ = {
			isa = PBXGroup;
			children = (
				674A1E8F2BE2A13F00C281AA /* AuthViewModel.swift */,
			);
			path = ViewModel;
			sourceTree = "<group>";
		};
/* End PBXGroup section */

/* Begin PBXNativeTarget section */
		674A1E5D2BE1FAFA00C281AA /* SwiftUIAuthTutorial */ = {
			isa = PBXNativeTarget;
			buildConfigurationList = 674A1E6C2BE1FAFD00C281AA /* Build configuration list for PBXNativeTarget "SwiftUIAuthTutorial" */;
			buildPhases = (
				674A1E5A2BE1FAFA00C281AA /* Sources */,
				674A1E5B2BE1FAFA00C281AA /* Frameworks */,
				674A1E5C2BE1FAFA00C281AA /* Resources */,
			);
			buildRules = (
			);
			dependencies = (
			);
			name = SwiftUIAuthTutorial;
			packageProductDependencies = (
				674A1E852BE2A09D00C281AA /* FirebaseAuth */,
				674A1E872BE2A09D00C281AA /* FirebaseFirestore */,
				674A1E892BE2A09D00C281AA /* FirebaseFirestoreSwift */,
				674A1E8B2BE2A09D00C281AA /* FirebaseStorage */,
			);
			productName = SwiftUIAuthTutorial;
			productReference = 674A1E5E2BE1FAFA00C281AA /* SwiftUIAuthTutorial.app */;
			productType = "com.apple.product-type.application";
		};
/* End PBXNativeTarget section */

/* Begin PBXProject section */
		674A1E562BE1FAFA00C281AA /* Project object */ = {
			isa = PBXProject;
			attributes = {
				BuildIndependentTargetsInParallel = 1;
				LastSwiftUpdateCheck = 1530;
				LastUpgradeCheck = 1530;
				TargetAttributes = {
					674A1E5D2BE1FAFA00C281AA = {
						CreatedOnToolsVersion = 15.3;
					};
				};
			};
			buildConfigurationList = 674A1E592BE1FAFA00C281AA /* Build configuration list for PBXProject "SwiftUIAuthTutorial" */;
			compatibilityVersion = "Xcode 14.0";
			developmentRegion = en;
			hasScannedForEncodings = 0;
			knownRegions = (
				en,
				Base,
			);
			mainGroup = 674A1E552BE1FAFA00C281AA;
			packageReferences = (
				674A1E842BE2A09D00C281AA /* XCRemoteSwiftPackageReference "firebase-ios-sdk" */,
			);
			productRefGroup = 674A1E5F2BE1FAFA00C281AA /* Products */;
			projectDirPath = "";
			projectRoot = "";
			targets = (
				674A1E5D2BE1FAFA00C281AA /* SwiftUIAuthTutorial */,
			);
		};
/* End PBXProject section */

/* Begin PBXResourcesBuildPhase section */
		674A1E5C2BE1FAFA00C281AA /* Resources */ = {
			isa = PBXResourcesBuildPhase;
			buildActionMask = 2147483647;
			files = (
				674A1E832BE29F0900C281AA /* GoogleService-Info.plist in Resources */,
				674A1E692BE1FAFD00C281AA /* Preview Assets.xcassets in Resources */,
				674A1E662BE1FAFD00C281AA /* Assets.xcassets in Resources */,
			);
			runOnlyForDeploymentPostprocessing = 0;
		};
/* End PBXResourcesBuildPhase section */

/* Begin PBXSourcesBuildPhase section */
		674A1E5A2BE1FAFA00C281AA /* Sources */ = {
			isa = PBXSourcesBuildPhase;
			buildActionMask = 2147483647;
			files = (
				674A1E772BE1FCAF00C281AA /* LoginView.swift in Sources */,
				674A1E792BE1FEE700C281AA /* InputView.swift in Sources */,
				674A1E7F2BE20E3500C281AA /* SettingRowView.swift in Sources */,
				674A1E642BE1FAFA00C281AA /* ContentView.swift in Sources */,
				674A1E812BE2105D00C281AA /* User.swift in Sources */,
				674A1E622BE1FAFA00C281AA /* SwiftUIAuthTutorialApp.swift in Sources */,
				674A1E7D2BE20C2000C281AA /* ProfileView.swift in Sources */,
				674A1E7B2BE2056F00C281AA /* RegistrationView.swift in Sources */,
				674A1E902BE2A13F00C281AA /* AuthViewModel.swift in Sources */,
			);
			runOnlyForDeploymentPostprocessing = 0;
		};
/* End PBXSourcesBuildPhase section */

/* Begin XCBuildConfiguration section */
		674A1E6A2BE1FAFD00C281AA /* Debug */ = {
			isa = XCBuildConfiguration;
			buildSettings = {
				ALWAYS_SEARCH_USER_PATHS = NO;
				ASSETCATALOG_COMPILER_GENERATE_SWIFT_ASSET_SYMBOL_EXTENSIONS = YES;
				CLANG_ANALYZER_NONNULL = YES;
				CLANG_ANALYZER_NUMBER_OBJECT_CONVERSION = YES_AGGRESSIVE;
				CLANG_CXX_LANGUAGE_STANDARD = "gnu++20";
				CLANG_ENABLE_MODULES = YES;
				CLANG_ENABLE_OBJC_ARC = YES;
				CLANG_ENABLE_OBJC_WEAK = YES;
				CLANG_WARN_BLOCK_CAPTURE_AUTORELEASING = YES;
				CLANG_WARN_BOOL_CONVERSION = YES;
				CLANG_WARN_COMMA = YES;
				CLANG_WARN_CONSTANT_CONVERSION = YES;
				CLANG_WARN_DEPRECATED_OBJC_IMPLEMENTATIONS = YES;
				CLANG_WARN_DIRECT_OBJC_ISA_USAGE = YES_ERROR;
				CLANG_WARN_DOCUMENTATION_COMMENTS = YES;
				CLANG_WARN_EMPTY_BODY = YES;
				CLANG_WARN_ENUM_CONVERSION = YES;
				CLANG_WARN_INFINITE_RECURSION = YES;
				CLANG_WARN_INT_CONVERSION = YES;
				CLANG_WARN_NON_LITERAL_NULL_CONVERSION = YES;
				CLANG_WARN_OBJC_IMPLICIT_RETAIN_SELF = YES;
				CLANG_WARN_OBJC_LITERAL_CONVERSION = YES;
				CLANG_WARN_OBJC_ROOT_CLASS = YES_ERROR;
				CLANG_WARN_QUOTED_INCLUDE_IN_FRAMEWORK_HEADER = YES;
				CLANG_WARN_RANGE_LOOP_ANALYSIS = YES;
				CLANG_WARN_STRICT_PROTOTYPES = YES;
				CLANG_WARN_SUSPICIOUS_MOVE = YES;
				CLANG_WARN_UNGUARDED_AVAILABILITY = YES_AGGRESSIVE;
				CLANG_WARN_UNREACHABLE_CODE = YES;
				CLANG_WARN__DUPLICATE_METHOD_MATCH = YES;
				COPY_PHASE_STRIP = NO;
				DEBUG_INFORMATION_FORMAT = dwarf;
				ENABLE_STRICT_OBJC_MSGSEND = YES;
				ENABLE_TESTABILITY = YES;
				ENABLE_USER_SCRIPT_SANDBOXING = YES;
				GCC_C_LANGUAGE_STANDARD = gnu17;
				GCC_DYNAMIC_NO_PIC = NO;
				GCC_NO_COMMON_BLOCKS = YES;
				GCC_OPTIMIZATION_LEVEL = 0;
				GCC_PREPROCESSOR_DEFINITIONS = (
					"DEBUG=1",
					"$(inherited)",
				);
				GCC_WARN_64_TO_32_BIT_CONVERSION = YES;
				GCC_WARN_ABOUT_RETURN_TYPE = YES_ERROR;
				GCC_WARN_UNDECLARED_SELECTOR = YES;
				GCC_WARN_UNINITIALIZED_AUTOS = YES_AGGRESSIVE;
				GCC_WARN_UNUSED_FUNCTION = YES;
				GCC_WARN_UNUSED_VARIABLE = YES;
				IPHONEOS_DEPLOYMENT_TARGET = 17.4;
				LOCALIZATION_PREFERS_STRING_CATALOGS = YES;
				MTL_ENABLE_DEBUG_INFO = INCLUDE_SOURCE;
				MTL_FAST_MATH = YES;
				ONLY_ACTIVE_ARCH = YES;
				SDKROOT = iphoneos;
				SWIFT_ACTIVE_COMPILATION_CONDITIONS = "DEBUG $(inherited)";
				SWIFT_OPTIMIZATION_LEVEL = "-Onone";
			};
			name = Debug;
		};
		674A1E6B2BE1FAFD00C281AA /* Release */ = {
			isa = XCBuildConfiguration;
			buildSettings = {
				ALWAYS_SEARCH_USER_PATHS = NO;
				ASSETCATALOG_COMPILER_GENERATE_SWIFT_ASSET_SYMBOL_EXTENSIONS = YES;
				CLANG_ANALYZER_NONNULL = YES;
				CLANG_ANALYZER_NUMBER_OBJECT_CONVERSION = YES_AGGRESSIVE;
				CLANG_CXX_LANGUAGE_STANDARD = "gnu++20";
				CLANG_ENABLE_MODULES = YES;
				CLANG_ENABLE_OBJC_ARC = YES;
				CLANG_ENABLE_OBJC_WEAK = YES;
				CLANG_WARN_BLOCK_CAPTURE_AUTORELEASING = YES;
				CLANG_WARN_BOOL_CONVERSION = YES;
				CLANG_WARN_COMMA = YES;
				CLANG_WARN_CONSTANT_CONVERSION = YES;
				CLANG_WARN_DEPRECATED_OBJC_IMPLEMENTATIONS = YES;
				CLANG_WARN_DIRECT_OBJC_ISA_USAGE = YES_ERROR;
				CLANG_WARN_DOCUMENTATION_COMMENTS = YES;
				CLANG_WARN_EMPTY_BODY = YES;
				CLANG_WARN_ENUM_CONVERSION = YES;
				CLANG_WARN_INFINITE_RECURSION = YES;
				CLANG_WARN_INT_CONVERSION = YES;
				CLANG_WARN_NON_LITERAL_NULL_CONVERSION = YES;
				CLANG_WARN_OBJC_IMPLICIT_RETAIN_SELF = YES;
				CLANG_WARN_OBJC_LITERAL_CONVERSION = YES;
				CLANG_WARN_OBJC_ROOT_CLASS = YES_ERROR;
				CLANG_WARN_QUOTED_INCLUDE_IN_FRAMEWORK_HEADER = YES;
				CLANG_WARN_RANGE_LOOP_ANALYSIS = YES;
				CLANG_WARN_STRICT_PROTOTYPES = YES;
				CLANG_WARN_SUSPICIOUS_MOVE = YES;
				CLANG_WARN_UNGUARDED_AVAILABILITY = YES_AGGRESSIVE;
				CLANG_WARN_UNREACHABLE_CODE = YES;
				CLANG_WARN__DUPLICATE_METHOD_MATCH = YES;
				COPY_PHASE_STRIP = NO;
				DEBUG_INFORMATION_FORMAT = "dwarf-with-dsym";
				ENABLE_NS_ASSERTIONS = NO;
				ENABLE_STRICT_OBJC_MSGSEND = YES;
				ENABLE_USER_SCRIPT_SANDBOXING = YES;
				GCC_C_LANGUAGE_STANDARD = gnu17;
				GCC_NO_COMMON_BLOCKS = YES;
				GCC_WARN_64_TO_32_BIT_CONVERSION = YES;
				GCC_WARN_ABOUT_RETURN_TYPE = YES_ERROR;
				GCC_WARN_UNDECLARED_SELECTOR = YES;
				GCC_WARN_UNINITIALIZED_AUTOS = YES_AGGRESSIVE;
				GCC_WARN_UNUSED_FUNCTION = YES;
				GCC_WARN_UNUSED_VARIABLE = YES;
				IPHONEOS_DEPLOYMENT_TARGET = 17.4;
				LOCALIZATION_PREFERS_STRING_CATALOGS = YES;
				MTL_ENABLE_DEBUG_INFO = NO;
				MTL_FAST_MATH = YES;
				SDKROOT = iphoneos;
				SWIFT_COMPILATION_MODE = wholemodule;
				VALIDATE_PRODUCT = YES;
			};
			name = Release;
		};
		674A1E6D2BE1FAFD00C281AA /* Debug */ = {
			isa = XCBuildConfiguration;
			buildSettings = {
				ASSETCATALOG_COMPILER_APPICON_NAME = AppIcon;
				ASSETCATALOG_COMPILER_GLOBAL_ACCENT_COLOR_NAME = AccentColor;
				CODE_SIGN_STYLE = Automatic;
				CURRENT_PROJECT_VERSION = 1;
				DEVELOPMENT_ASSET_PATHS = "\"SwiftUIAuthTutorial/Preview Content\"";
				DEVELOPMENT_TEAM = L6M78ZXF68;
				ENABLE_PREVIEWS = YES;
				GENERATE_INFOPLIST_FILE = YES;
				INFOPLIST_KEY_UIApplicationSceneManifest_Generation = YES;
				INFOPLIST_KEY_UIApplicationSupportsIndirectInputEvents = YES;
				INFOPLIST_KEY_UILaunchScreen_Generation = YES;
				INFOPLIST_KEY_UISupportedInterfaceOrientations_iPad = "UIInterfaceOrientationPortrait UIInterfaceOrientationPortraitUpsideDown UIInterfaceOrientationLandscapeLeft UIInterfaceOrientationLandscapeRight";
				INFOPLIST_KEY_UISupportedInterfaceOrientations_iPhone = "UIInterfaceOrientationPortrait UIInterfaceOrientationLandscapeLeft UIInterfaceOrientationLandscapeRight";
				LD_RUNPATH_SEARCH_PATHS = (
					"$(inherited)",
					"@executable_path/Frameworks",
				);
				MARKETING_VERSION = 1.0;
				PRODUCT_BUNDLE_IDENTIFIER = com.anhdinh.SwiftUIAuthTutorial;
				PRODUCT_NAME = "$(TARGET_NAME)";
				SWIFT_EMIT_LOC_STRINGS = YES;
				SWIFT_VERSION = 5.0;
				TARGETED_DEVICE_FAMILY = "1,2";
			};
			name = Debug;
		};
		674A1E6E2BE1FAFD00C281AA /* Release */ = {
			isa = XCBuildConfiguration;
			buildSettings = {
				ASSETCATALOG_COMPILER_APPICON_NAME = AppIcon;
				ASSETCATALOG_COMPILER_GLOBAL_ACCENT_COLOR_NAME = AccentColor;
				CODE_SIGN_STYLE = Automatic;
				CURRENT_PROJECT_VERSION = 1;
				DEVELOPMENT_ASSET_PATHS = "\"SwiftUIAuthTutorial/Preview Content\"";
				DEVELOPMENT_TEAM = L6M78ZXF68;
				ENABLE_PREVIEWS = YES;
				GENERATE_INFOPLIST_FILE = YES;
				INFOPLIST_KEY_UIApplicationSceneManifest_Generation = YES;
				INFOPLIST_KEY_UIApplicationSupportsIndirectInputEvents = YES;
				INFOPLIST_KEY_UILaunchScreen_Generation = YES;
				INFOPLIST_KEY_UISupportedInterfaceOrientations_iPad = "UIInterfaceOrientationPortrait UIInterfaceOrientationPortraitUpsideDown UIInterfaceOrientationLandscapeLeft UIInterfaceOrientationLandscapeRight";
				INFOPLIST_KEY_UISupportedInterfaceOrientations_iPhone = "UIInterfaceOrientationPortrait UIInterfaceOrientationLandscapeLeft UIInterfaceOrientationLandscapeRight";
				LD_RUNPATH_SEARCH_PATHS = (
					"$(inherited)",
					"@executable_path/Frameworks",
				);
				MARKETING_VERSION = 1.0;
				PRODUCT_BUNDLE_IDENTIFIER = com.anhdinh.SwiftUIAuthTutorial;
				PRODUCT_NAME = "$(TARGET_NAME)";
				SWIFT_EMIT_LOC_STRINGS = YES;
				SWIFT_VERSION = 5.0;
				TARGETED_DEVICE_FAMILY = "1,2";
			};
			name = Release;
		};
/* End XCBuildConfiguration section */

/* Begin XCConfigurationList section */
		674A1E592BE1FAFA00C281AA /* Build configuration list for PBXProject "SwiftUIAuthTutorial" */ = {
			isa = XCConfigurationList;
			buildConfigurations = (
				674A1E6A2BE1FAFD00C281AA /* Debug */,
				674A1E6B2BE1FAFD00C281AA /* Release */,
			);
			defaultConfigurationIsVisible = 0;
			defaultConfigurationName = Release;
		};
		674A1E6C2BE1FAFD00C281AA /* Build configuration list for PBXNativeTarget "SwiftUIAuthTutorial" */ = {
			isa = XCConfigurationList;
			buildConfigurations = (
				674A1E6D2BE1FAFD00C281AA /* Debug */,
				674A1E6E2BE1FAFD00C281AA /* Release */,
			);
			defaultConfigurationIsVisible = 0;
			defaultConfigurationName = Release;
		};
/* End XCConfigurationList section */

/* Begin XCRemoteSwiftPackageReference section */
		674A1E842BE2A09D00C281AA /* XCRemoteSwiftPackageReference "firebase-ios-sdk" */ = {
			isa = XCRemoteSwiftPackageReference;
			repositoryURL = "https://github.com/firebase/firebase-ios-sdk.git";
			requirement = {
				kind = upToNextMajorVersion;
				minimumVersion = 10.25.0;
			};
		};
/* End XCRemoteSwiftPackageReference section */

/* Begin XCSwiftPackageProductDependency section */
		674A1E852BE2A09D00C281AA /* FirebaseAuth */ = {
			isa = XCSwiftPackageProductDependency;
			package = 674A1E842BE2A09D00C281AA /* XCRemoteSwiftPackageReference "firebase-ios-sdk" */;
			productName = FirebaseAuth;
		};
		674A1E872BE2A09D00C281AA /* FirebaseFirestore */ = {
			isa = XCSwiftPackageProductDependency;
			package = 674A1E842BE2A09D00C281AA /* XCRemoteSwiftPackageReference "firebase-ios-sdk" */;
			productName = FirebaseFirestore;
		};
		674A1E892BE2A09D00C281AA /* FirebaseFirestoreSwift */ = {
			isa = XCSwiftPackageProductDependency;
			package = 674A1E842BE2A09D00C281AA /* XCRemoteSwiftPackageReference "firebase-ios-sdk" */;
			productName = FirebaseFirestoreSwift;
		};
		674A1E8B2BE2A09D00C281AA /* FirebaseStorage */ = {
			isa = XCSwiftPackageProductDependency;
			package = 674A1E842BE2A09D00C281AA /* XCRemoteSwiftPackageReference "firebase-ios-sdk" */;
			productName = FirebaseStorage;
		};
/* End XCSwiftPackageProductDependency section */
	};
	rootObject = 674A1E562BE1FAFA00C281AA /* Project object */;
}
